
Microsoft Visual Studio Solution File, Format Version 12.00
# Visual Studio Version 17
VisualStudioVersion = 17.7.34024.191
MinimumVisualStudioVersion = 10.0.40219.1
Project("{FAE04EC0-301F-11D3-BF4B-00C04F79EFBC}") = "Creational_Design_Patterns", "Creational_Design_Patterns\Creational_Design_Patterns.csproj", "{9201F4FB-D182-4ADD-9692-D848FD93D21B}"
EndProject
Global
	GlobalSection(SolutionConfigurationPlatforms) = preSolution
		Debug|Any CPU = Debug|Any CPU
		Release|Any CPU = Release|Any CPU
	EndGlobalSection
	GlobalSection(ProjectConfigurationPlatforms) = postSolution
		{9201F4FB-D182-4ADD-9692-D848FD93D21B}.Debug|Any CPU.ActiveCfg = Debug|Any CPU
		{9201F4FB-D182-4ADD-9692-D848FD93D21B}.Debug|Any CPU.Build.0 = Debug|Any CPU
		{9201F4FB-D182-4ADD-9692-D848FD93D21B}.Release|Any CPU.ActiveCfg = Release|Any CPU
		{9201F4FB-D182-4ADD-9692-D848FD93D21B}.Release|Any CPU.Build.0 = Release|Any CPU
	EndGlobalSection
	GlobalSection(SolutionProperties) = preSolution
		HideSolutionNode = FALSE
	EndGlobalSection
	GlobalSection(ExtensibilityGlobals) = postSolution
		SolutionGuid = {B00786E5-5C0F-4EBF-A0D8-822C91F1CDBC}
	EndGlobalSection
EndGlobal
